
Microsoft Visual Studio Solution File, Format Version 12.00
# Visual Studio 2012
Project("{FAE04EC0-301F-11D3-BF4B-00C04F79EFBC}") = "StudentProject.DALInterfaces", "StudentProject.DALInterfaces\StudentProject.DALInterfaces.csproj", "{C9444D81-C487-4447-B898-3C6AE09B6A95}"
EndProject
Project("{FAE04EC0-301F-11D3-BF4B-00C04F79EFBC}") = "StudentProject.EFData", "StudentProject.EFData\StudentProject.EFData.csproj", "{3A88E5EA-5993-4BC6-ABE3-D89F0880B912}"
EndProject
Project("{FAE04EC0-301F-11D3-BF4B-00C04F79EFBC}") = "StudentProject.Test", "StudentProject.Test\StudentProject.Test.csproj", "{32A9DD55-6370-4773-A291-4FBBFA93D4FF}"
EndProject
Project("{FAE04EC0-301F-11D3-BF4B-00C04F79EFBC}") = "StudentProject.Core", "StudentProject.Core\StudentProject.Core.csproj", "{98AE50F9-E6BD-451F-9CCA-D534DA0EF2C3}"
EndProject
Project("{FAE04EC0-301F-11D3-BF4B-00C04F79EFBC}") = "StudentProject.BLInterfaces", "StudentProject.BLInterfaces\StudentProject.BLInterfaces.csproj", "{9CF4ADB1-3698-4DF1-8258-3EC6914F6735}"
EndProject
Global
	GlobalSection(SolutionConfigurationPlatforms) = preSolution
		Debug|Any CPU = Debug|Any CPU
		Release|Any CPU = Release|Any CPU
	EndGlobalSection
	GlobalSection(ProjectConfigurationPlatforms) = postSolution
		{C9444D81-C487-4447-B898-3C6AE09B6A95}.Debug|Any CPU.ActiveCfg = Debug|Any CPU
		{C9444D81-C487-4447-B898-3C6AE09B6A95}.Debug|Any CPU.Build.0 = Debug|Any CPU
		{C9444D81-C487-4447-B898-3C6AE09B6A95}.Release|Any CPU.ActiveCfg = Release|Any CPU
		{C9444D81-C487-4447-B898-3C6AE09B6A95}.Release|Any CPU.Build.0 = Release|Any CPU
		{3A88E5EA-5993-4BC6-ABE3-D89F0880B912}.Debug|Any CPU.ActiveCfg = Debug|Any CPU
		{3A88E5EA-5993-4BC6-ABE3-D89F0880B912}.Debug|Any CPU.Build.0 = Debug|Any CPU
		{3A88E5EA-5993-4BC6-ABE3-D89F0880B912}.Release|Any CPU.ActiveCfg = Release|Any CPU
		{3A88E5EA-5993-4BC6-ABE3-D89F0880B912}.Release|Any CPU.Build.0 = Release|Any CPU
		{32A9DD55-6370-4773-A291-4FBBFA93D4FF}.Debug|Any CPU.ActiveCfg = Debug|Any CPU
		{32A9DD55-6370-4773-A291-4FBBFA93D4FF}.Debug|Any CPU.Build.0 = Debug|Any CPU
		{32A9DD55-6370-4773-A291-4FBBFA93D4FF}.Release|Any CPU.ActiveCfg = Release|Any CPU
		{32A9DD55-6370-4773-A291-4FBBFA93D4FF}.Release|Any CPU.Build.0 = Release|Any CPU
		{98AE50F9-E6BD-451F-9CCA-D534DA0EF2C3}.Debug|Any CPU.ActiveCfg = Debug|Any CPU
		{98AE50F9-E6BD-451F-9CCA-D534DA0EF2C3}.Debug|Any CPU.Build.0 = Debug|Any CPU
		{98AE50F9-E6BD-451F-9CCA-D534DA0EF2C3}.Release|Any CPU.ActiveCfg = Release|Any CPU
		{98AE50F9-E6BD-451F-9CCA-D534DA0EF2C3}.Release|Any CPU.Build.0 = Release|Any CPU
		{9CF4ADB1-3698-4DF1-8258-3EC6914F6735}.Debug|Any CPU.ActiveCfg = Debug|Any CPU
		{9CF4ADB1-3698-4DF1-8258-3EC6914F6735}.Debug|Any CPU.Build.0 = Debug|Any CPU
		{9CF4ADB1-3698-4DF1-8258-3EC6914F6735}.Release|Any CPU.ActiveCfg = Release|Any CPU
		{9CF4ADB1-3698-4DF1-8258-3EC6914F6735}.Release|Any CPU.Build.0 = Release|Any CPU
	EndGlobalSection
	GlobalSection(SolutionProperties) = preSolution
		HideSolutionNode = FALSE
	EndGlobalSection
EndGlobal
